
Microsoft Visual Studio Solution File, Format Version 12.00
# Visual Studio Version 17
VisualStudioVersion = 17.10.35122.118
MinimumVisualStudioVersion = 10.0.40219.1
Project("{FAE04EC0-301F-11D3-BF4B-00C04F79EFBC}") = "MyToDoList", "..\..\repos\Avalonia3\MyToDoList\MyToDoList\MyToDoList\MyToDoList.csproj", "{C56FD1B8-6C77-460B-9E05-EE8360DF0672}"
EndProject
Project("{FAE04EC0-301F-11D3-BF4B-00C04F79EFBC}") = "MyToDoList.Android", "..\..\repos\Avalonia3\MyToDoList\MyToDoList\MyToDoList.Android\MyToDoList.Android.csproj", "{1983BBE0-2961-4DB8-A992-B7DDD1D8DA02}"
EndProject
Project("{FAE04EC0-301F-11D3-BF4B-00C04F79EFBC}") = "MyToDoList.Desktop", "..\..\repos\Avalonia3\MyToDoList\MyToDoList\MyToDoList.Desktop\MyToDoList.Desktop.csproj", "{84883018-1530-4235-9D01-ED6598D9898F}"
EndProject
Project("{FAE04EC0-301F-11D3-BF4B-00C04F79EFBC}") = "MyToDoList.iOS", "..\..\repos\Avalonia3\MyToDoList\MyToDoList\MyToDoList.iOS\MyToDoList.iOS.csproj", "{355DE852-7762-4E56-AF72-220F513073AD}"
EndProject
Project("{FAE04EC0-301F-11D3-BF4B-00C04F79EFBC}") = "MyToDoList.Browser", "..\..\repos\Avalonia3\MyToDoList\MyToDoList\MyToDoList.Browser\MyToDoList.Browser.csproj", "{F796BDA4-DBA2-41DD-83DD-D6551ADD91B5}"
EndProject
Global
	GlobalSection(SolutionConfigurationPlatforms) = preSolution
		Debug|Any CPU = Debug|Any CPU
		Release|Any CPU = Release|Any CPU
	EndGlobalSection
	GlobalSection(ProjectConfigurationPlatforms) = postSolution
		{C56FD1B8-6C77-460B-9E05-EE8360DF0672}.Debug|Any CPU.ActiveCfg = Debug|Any CPU
		{C56FD1B8-6C77-460B-9E05-EE8360DF0672}.Debug|Any CPU.Build.0 = Debug|Any CPU
		{C56FD1B8-6C77-460B-9E05-EE8360DF0672}.Release|Any CPU.ActiveCfg = Release|Any CPU
		{C56FD1B8-6C77-460B-9E05-EE8360DF0672}.Release|Any CPU.Build.0 = Release|Any CPU
		{1983BBE0-2961-4DB8-A992-B7DDD1D8DA02}.Debug|Any CPU.ActiveCfg = Debug|Any CPU
		{1983BBE0-2961-4DB8-A992-B7DDD1D8DA02}.Debug|Any CPU.Build.0 = Debug|Any CPU
		{1983BBE0-2961-4DB8-A992-B7DDD1D8DA02}.Debug|Any CPU.Deploy.0 = Debug|Any CPU
		{1983BBE0-2961-4DB8-A992-B7DDD1D8DA02}.Release|Any CPU.ActiveCfg = Release|Any CPU
		{1983BBE0-2961-4DB8-A992-B7DDD1D8DA02}.Release|Any CPU.Build.0 = Release|Any CPU
		{1983BBE0-2961-4DB8-A992-B7DDD1D8DA02}.Release|Any CPU.Deploy.0 = Release|Any CPU
		{84883018-1530-4235-9D01-ED6598D9898F}.Debug|Any CPU.ActiveCfg = Debug|Any CPU
		{84883018-1530-4235-9D01-ED6598D9898F}.Debug|Any CPU.Build.0 = Debug|Any CPU
		{84883018-1530-4235-9D01-ED6598D9898F}.Release|Any CPU.ActiveCfg = Release|Any CPU
		{84883018-1530-4235-9D01-ED6598D9898F}.Release|Any CPU.Build.0 = Release|Any CPU
		{355DE852-7762-4E56-AF72-220F513073AD}.Debug|Any CPU.ActiveCfg = Debug|Any CPU
		{355DE852-7762-4E56-AF72-220F513073AD}.Debug|Any CPU.Build.0 = Debug|Any CPU
		{355DE852-7762-4E56-AF72-220F513073AD}.Debug|Any CPU.Deploy.0 = Debug|Any CPU
		{355DE852-7762-4E56-AF72-220F513073AD}.Release|Any CPU.ActiveCfg = Release|Any CPU
		{355DE852-7762-4E56-AF72-220F513073AD}.Release|Any CPU.Build.0 = Release|Any CPU
		{355DE852-7762-4E56-AF72-220F513073AD}.Release|Any CPU.Deploy.0 = Release|Any CPU
		{F796BDA4-DBA2-41DD-83DD-D6551ADD91B5}.Debug|Any CPU.ActiveCfg = Debug|Any CPU
		{F796BDA4-DBA2-41DD-83DD-D6551ADD91B5}.Debug|Any CPU.Build.0 = Debug|Any CPU
		{F796BDA4-DBA2-41DD-83DD-D6551ADD91B5}.Release|Any CPU.ActiveCfg = Release|Any CPU
		{F796BDA4-DBA2-41DD-83DD-D6551ADD91B5}.Release|Any CPU.Build.0 = Release|Any CPU
	EndGlobalSection
	GlobalSection(SolutionProperties) = preSolution
		HideSolutionNode = FALSE
	EndGlobalSection
	GlobalSection(ExtensibilityGlobals) = postSolution
		SolutionGuid = {92FA8A3B-32A3-4919-B652-DC94D0A3D1E2}
	EndGlobalSection
EndGlobal
